version = 1
revision = 3
requires-python = ">=3.12"

[[package]]
name = "grpcio"
version = "1.75.1"
source = { registry = "https://pypi.org/simple" }
dependencies = [
    { name = "typing-extensions" },
]
sdist = { url = "https://files.pythonhosted.org/packages/9d/f7/8963848164c7604efb3a3e6ee457fdb3a469653e19002bd24742473254f8/grpcio-1.75.1.tar.gz", hash = "sha256:3e81d89ece99b9ace23a6916880baca613c03a799925afb2857887efa8b1b3d2", size = 12731327, upload-time = "2025-09-26T09:03:36.887Z" }
wheels = [
    { url = "https://files.pythonhosted.org/packages/3a/81/42be79e73a50aaa20af66731c2defeb0e8c9008d9935a64dd8ea8e8c44eb/grpcio-1.75.1-cp312-cp312-linux_armv7l.whl", hash = "sha256:7b888b33cd14085d86176b1628ad2fcbff94cfbbe7809465097aa0132e58b018", size = 5668314, upload-time = "2025-09-26T09:01:55.424Z" },
    { url = "https://files.pythonhosted.org/packages/c5/a7/3686ed15822fedc58c22f82b3a7403d9faf38d7c33de46d4de6f06e49426/grpcio-1.75.1-cp312-cp312-macosx_11_0_universal2.whl", hash = "sha256:8775036efe4ad2085975531d221535329f5dac99b6c2a854a995456098f99546", size = 11476125, upload-time = "2025-09-26T09:01:57.927Z" },
    { url = "https://files.pythonhosted.org/packages/14/85/21c71d674f03345ab183c634ecd889d3330177e27baea8d5d247a89b6442/grpcio-1.75.1-cp312-cp312-manylinux2014_aarch64.manylinux_2_17_aarch64.whl", hash = "sha256:bb658f703468d7fbb5dcc4037c65391b7dc34f808ac46ed9136c24fc5eeb041d", size = 6246335, upload-time = "2025-09-26T09:02:00.76Z" },
    { url = "https://files.pythonhosted.org/packages/fd/db/3beb661bc56a385ae4fa6b0e70f6b91ac99d47afb726fe76aaff87ebb116/grpcio-1.75.1-cp312-cp312-manylinux2014_i686.manylinux_2_17_i686.whl", hash = "sha256:4b7177a1cdb3c51b02b0c0a256b0a72fdab719600a693e0e9037949efffb200b", size = 6916309, upload-time = "2025-09-26T09:02:02.894Z" },
    { url = "https://files.pythonhosted.org/packages/1e/9c/eda9fe57f2b84343d44c1b66cf3831c973ba29b078b16a27d4587a1fdd47/grpcio-1.75.1-cp312-cp312-manylinux2014_x86_64.manylinux_2_17_x86_64.whl", hash = "sha256:7d4fa6ccc3ec2e68a04f7b883d354d7fea22a34c44ce535a2f0c0049cf626ddf", size = 6435419, upload-time = "2025-09-26T09:02:05.055Z" },
    { url = "https://files.pythonhosted.org/packages/c3/b8/090c98983e0a9d602e3f919a6e2d4e470a8b489452905f9a0fa472cac059/grpcio-1.75.1-cp312-cp312-musllinux_1_2_aarch64.whl", hash = "sha256:3d86880ecaeb5b2f0a8afa63824de93adb8ebe4e49d0e51442532f4e08add7d6", size = 7064893, upload-time = "2025-09-26T09:02:07.275Z" },
    { url = "https://files.pythonhosted.org/packages/ec/c0/6d53d4dbbd00f8bd81571f5478d8a95528b716e0eddb4217cc7cb45aae5f/grpcio-1.75.1-cp312-cp312-musllinux_1_2_i686.whl", hash = "sha256:a8041d2f9e8a742aeae96f4b047ee44e73619f4f9d24565e84d5446c623673b6", size = 8011922, upload-time = "2025-09-26T09:02:09.527Z" },
    { url = "https://files.pythonhosted.org/packages/f2/7c/48455b2d0c5949678d6982c3e31ea4d89df4e16131b03f7d5c590811cbe9/grpcio-1.75.1-cp312-cp312-musllinux_1_2_x86_64.whl", hash = "sha256:3652516048bf4c314ce12be37423c79829f46efffb390ad64149a10c6071e8de", size = 7466181, upload-time = "2025-09-26T09:02:12.279Z" },
    { url = "https://files.pythonhosted.org/packages/fd/12/04a0e79081e3170b6124f8cba9b6275871276be06c156ef981033f691880/grpcio-1.75.1-cp312-cp312-win32.whl", hash = "sha256:44b62345d8403975513af88da2f3d5cc76f73ca538ba46596f92a127c2aea945", size = 3938543, upload-time = "2025-09-26T09:02:14.77Z" },
    { url = "https://files.pythonhosted.org/packages/5f/d7/11350d9d7fb5adc73d2b0ebf6ac1cc70135577701e607407fe6739a90021/grpcio-1.75.1-cp312-cp312-win_amd64.whl", hash = "sha256:b1e191c5c465fa777d4cafbaacf0c01e0d5278022082c0abbd2ee1d6454ed94d", size = 4641938, upload-time = "2025-09-26T09:02:16.927Z" },
    { url = "https://files.pythonhosted.org/packages/46/74/bac4ab9f7722164afdf263ae31ba97b8174c667153510322a5eba4194c32/grpcio-1.75.1-cp313-cp313-linux_armv7l.whl", hash = "sha256:3bed22e750d91d53d9e31e0af35a7b0b51367e974e14a4ff229db5b207647884", size = 5672779, upload-time = "2025-09-26T09:02:19.11Z" },
    { url = "https://files.pythonhosted.org/packages/a6/52/d0483cfa667cddaa294e3ab88fd2c2a6e9dc1a1928c0e5911e2e54bd5b50/grpcio-1.75.1-cp313-cp313-macosx_11_0_universal2.whl", hash = "sha256:5b8f381eadcd6ecaa143a21e9e80a26424c76a0a9b3d546febe6648f3a36a5ac", size = 11470623, upload-time = "2025-09-26T09:02:22.117Z" },
    { url = "https://files.pythonhosted.org/packages/cf/e4/d1954dce2972e32384db6a30273275e8c8ea5a44b80347f9055589333b3f/grpcio-1.75.1-cp313-cp313-manylinux2014_aarch64.manylinux_2_17_aarch64.whl", hash = "sha256:5bf4001d3293e3414d0cf99ff9b1139106e57c3a66dfff0c5f60b2a6286ec133", size = 6248838, upload-time = "2025-09-26T09:02:26.426Z" },
    { url = "https://files.pythonhosted.org/packages/06/43/073363bf63826ba8077c335d797a8d026f129dc0912b69c42feaf8f0cd26/grpcio-1.75.1-cp313-cp313-manylinux2014_i686.manylinux_2_17_i686.whl", hash = "sha256:9f82ff474103e26351dacfe8d50214e7c9322960d8d07ba7fa1d05ff981c8b2d", size = 6922663, upload-time = "2025-09-26T09:02:28.724Z" },
    { url = "https://files.pythonhosted.org/packages/c2/6f/076ac0df6c359117676cacfa8a377e2abcecec6a6599a15a672d331f6680/grpcio-1.75.1-cp313-cp313-manylinux2014_x86_64.manylinux_2_17_x86_64.whl", hash = "sha256:0ee119f4f88d9f75414217823d21d75bfe0e6ed40135b0cbbfc6376bc9f7757d", size = 6436149, upload-time = "2025-09-26T09:02:30.971Z" },
    { url = "https://files.pythonhosted.org/packages/6b/27/1d08824f1d573fcb1fa35ede40d6020e68a04391709939e1c6f4193b445f/grpcio-1.75.1-cp313-cp313-musllinux_1_2_aarch64.whl", hash = "sha256:664eecc3abe6d916fa6cf8dd6b778e62fb264a70f3430a3180995bf2da935446", size = 7067989, upload-time = "2025-09-26T09:02:33.233Z" },
    { url = "https://files.pythonhosted.org/packages/c6/98/98594cf97b8713feb06a8cb04eeef60b4757e3e2fb91aa0d9161da769843/grpcio-1.75.1-cp313-cp313-musllinux_1_2_i686.whl", hash = "sha256:c32193fa08b2fbebf08fe08e84f8a0aad32d87c3ad42999c65e9449871b1c66e", size = 8010717, upload-time = "2025-09-26T09:02:36.011Z" },
    { url = "https://files.pythonhosted.org/packages/8c/7e/bb80b1bba03c12158f9254762cdf5cced4a9bc2e8ed51ed335915a5a06ef/grpcio-1.75.1-cp313-cp313-musllinux_1_2_x86_64.whl", hash = "sha256:5cebe13088b9254f6e615bcf1da9131d46cfa4e88039454aca9cb65f639bd3bc", size = 7463822, upload-time = "2025-09-26T09:02:38.26Z" },
    { url = "https://files.pythonhosted.org/packages/23/1c/1ea57fdc06927eb5640f6750c697f596f26183573069189eeaf6ef86ba2d/grpcio-1.75.1-cp313-cp313-win32.whl", hash = "sha256:4b4c678e7ed50f8ae8b8dbad15a865ee73ce12668b6aaf411bf3258b5bc3f970", size = 3938490, upload-time = "2025-09-26T09:02:40.268Z" },
    { url = "https://files.pythonhosted.org/packages/4b/24/fbb8ff1ccadfbf78ad2401c41aceaf02b0d782c084530d8871ddd69a2d49/grpcio-1.75.1-cp313-cp313-win_amd64.whl", hash = "sha256:5573f51e3f296a1bcf71e7a690c092845fb223072120f4bdb7a5b48e111def66", size = 4642538, upload-time = "2025-09-26T09:02:42.519Z" },
    { url = "https://files.pythonhosted.org/packages/f2/1b/9a0a5cecd24302b9fdbcd55d15ed6267e5f3d5b898ff9ac8cbe17ee76129/grpcio-1.75.1-cp314-cp314-linux_armv7l.whl", hash = "sha256:c05da79068dd96723793bffc8d0e64c45f316248417515f28d22204d9dae51c7", size = 5673319, upload-time = "2025-09-26T09:02:44.742Z" },
    { url = "https://files.pythonhosted.org/packages/c6/ec/9d6959429a83fbf5df8549c591a8a52bb313976f6646b79852c4884e3225/grpcio-1.75.1-cp314-cp314-macosx_11_0_universal2.whl", hash = "sha256:06373a94fd16ec287116a825161dca179a0402d0c60674ceeec8c9fba344fe66", size = 11480347, upload-time = "2025-09-26T09:02:47.539Z" },
    { url = "https://files.pythonhosted.org/packages/09/7a/26da709e42c4565c3d7bf999a9569da96243ce34a8271a968dee810a7cf1/grpcio-1.75.1-cp314-cp314-manylinux2014_aarch64.manylinux_2_17_aarch64.whl", hash = "sha256:4484f4b7287bdaa7a5b3980f3c7224c3c622669405d20f69549f5fb956ad0421", size = 6254706, upload-time = "2025-09-26T09:02:50.4Z" },
    { url = "https://files.pythonhosted.org/packages/f1/08/dcb26a319d3725f199c97e671d904d84ee5680de57d74c566a991cfab632/grpcio-1.75.1-cp314-cp314-manylinux2014_i686.manylinux_2_17_i686.whl", hash = "sha256:2720c239c1180eee69f7883c1d4c83fc1a495a2535b5fa322887c70bf02b16e8", size = 6922501, upload-time = "2025-09-26T09:02:52.711Z" },
    { url = "https://files.pythonhosted.org/packages/78/66/044d412c98408a5e23cb348845979a2d17a2e2b6c3c34c1ec91b920f49d0/grpcio-1.75.1-cp314-cp314-manylinux2014_x86_64.manylinux_2_17_x86_64.whl", hash = "sha256:07a554fa31c668cf0e7a188678ceeca3cb8fead29bbe455352e712ec33ca701c", size = 6437492, upload-time = "2025-09-26T09:02:55.542Z" },
    { url = "https://files.pythonhosted.org/packages/4e/9d/5e3e362815152aa1afd8b26ea613effa005962f9da0eec6e0e4527e7a7d1/grpcio-1.75.1-cp314-cp314-musllinux_1_2_aarch64.whl", hash = "sha256:3e71a2105210366bfc398eef7f57a664df99194f3520edb88b9c3a7e46ee0d64", size = 7081061, upload-time = "2025-09-26T09:02:58.261Z" },
    { url = "https://files.pythonhosted.org/packages/1e/1a/46615682a19e100f46e31ddba9ebc297c5a5ab9ddb47b35443ffadb8776c/grpcio-1.75.1-cp314-cp314-musllinux_1_2_i686.whl", hash = "sha256:8679aa8a5b67976776d3c6b0521e99d1c34db8a312a12bcfd78a7085cb9b604e", size = 8010849, upload-time = "2025-09-26T09:03:00.548Z" },
    { url = "https://files.pythonhosted.org/packages/67/8e/3204b94ac30b0f675ab1c06540ab5578660dc8b690db71854d3116f20d00/grpcio-1.75.1-cp314-cp314-musllinux_1_2_x86_64.whl", hash = "sha256:aad1c774f4ebf0696a7f148a56d39a3432550612597331792528895258966dc0", size = 7464478, upload-time = "2025-09-26T09:03:03.096Z" },
    { url = "https://files.pythonhosted.org/packages/b7/97/2d90652b213863b2cf466d9c1260ca7e7b67a16780431b3eb1d0420e3d5b/grpcio-1.75.1-cp314-cp314-win32.whl", hash = "sha256:62ce42d9994446b307649cb2a23335fa8e927f7ab2cbf5fcb844d6acb4d85f9c", size = 4012672, upload-time = "2025-09-26T09:03:05.477Z" },
    { url = "https://files.pythonhosted.org/packages/f9/df/e2e6e9fc1c985cd1a59e6996a05647c720fe8a03b92f5ec2d60d366c531e/grpcio-1.75.1-cp314-cp314-win_amd64.whl", hash = "sha256:f86e92275710bea3000cb79feca1762dc0ad3b27830dd1a74e82ab321d4ee464", size = 4772475, upload-time = "2025-09-26T09:03:07.661Z" },
]

[[package]]
name = "grpcio-tools"
version = "1.75.1"
source = { registry = "https://pypi.org/simple" }
dependencies = [
    { name = "grpcio" },
    { name = "protobuf" },
    { name = "setuptools" },
]
sdist = { url = "https://files.pythonhosted.org/packages/7d/76/0cd2a2bb379275c319544a3ab613dc3cea7a167503908c1b4de55f82bd9e/grpcio_tools-1.75.1.tar.gz", hash = "sha256:bb78960cf3d58941e1fec70cbdaccf255918beed13c34112a6915a6d8facebd1", size = 5390470, upload-time = "2025-09-26T09:10:11.948Z" }
wheels = [
    { url = "https://files.pythonhosted.org/packages/ef/a7/581bb204d19a347303ed5e25b19f7d8c6365a28c242fca013d1d6d78ad7e/grpcio_tools-1.75.1-cp312-cp312-linux_armv7l.whl", hash = "sha256:49b68936cf212052eeafa50b824e17731b78d15016b235d36e0d32199000b14c", size = 2546099, upload-time = "2025-09-26T09:08:28.794Z" },
    { url = "https://files.pythonhosted.org/packages/9f/59/ab65998eba14ff9d292c880f6a276fe7d0571bba3bb4ddf66aca1f8438b5/grpcio_tools-1.75.1-cp312-cp312-macosx_11_0_universal2.whl", hash = "sha256:08cb6e568e58b76a2178ad3b453845ff057131fff00f634d7e15dcd015cd455b", size = 5839838, upload-time = "2025-09-26T09:08:31.038Z" },
    { url = "https://files.pythonhosted.org/packages/7e/65/7027f71069b4c1e8c7b46de8c46c297c9d28ef6ed4ea0161e8c82c75d1d0/grpcio_tools-1.75.1-cp312-cp312-manylinux2014_aarch64.manylinux_2_17_aarch64.whl", hash = "sha256:168402ad29a249092673079cf46266936ec2fb18d4f854d96e9c5fa5708efa39", size = 2592916, upload-time = "2025-09-26T09:08:33.216Z" },
    { url = "https://files.pythonhosted.org/packages/0f/84/1abfb3c679b78c7fca7524031cf9de4c4c509c441b48fd26291ac16dd1af/grpcio_tools-1.75.1-cp312-cp312-manylinux2014_i686.manylinux_2_17_i686.whl", hash = "sha256:bbae11c29fcf450730f021bfc14b12279f2f985e2e493ccc2f133108728261db", size = 2905276, upload-time = "2025-09-26T09:08:35.691Z" },
    { url = "https://files.pythonhosted.org/packages/99/cd/7f9e05f1eddccb61bc0ead1e49eb2222441957b02ed11acfcd2f795b03a8/grpcio_tools-1.75.1-cp312-cp312-manylinux2014_x86_64.manylinux_2_17_x86_64.whl", hash = "sha256:38c6c7d5d4800f636ee691cd073db1606d1a6a76424ca75c9b709436c9c20439", size = 2656424, upload-time = "2025-09-26T09:08:38.255Z" },
    { url = "https://files.pythonhosted.org/packages/29/1d/8b7852771c2467728341f7b9c3ca4ebc76e4e23485c6a3e6d97a8323ad2a/grpcio_tools-1.75.1-cp312-cp312-musllinux_1_2_aarch64.whl", hash = "sha256:626f6a61a8f141dde9a657775854d1c0d99509f9a2762b82aa401a635f6ec73d", size = 3108985, upload-time = "2025-09-26T09:08:40.291Z" },
    { url = "https://files.pythonhosted.org/packages/c2/6a/069da89cdf2e97e4558bfceef5b60bf0ef200c443b465e7691869006dd32/grpcio_tools-1.75.1-cp312-cp312-musllinux_1_2_i686.whl", hash = "sha256:f61a8334ae38d4f98c744a732b89527e5af339d17180e25fff0676060f8709b7", size = 3657940, upload-time = "2025-09-26T09:08:42.437Z" },
    { url = "https://files.pythonhosted.org/packages/c3/e4/ca8dae800c084beb89e2720346f70012d36dfb9df02d8eacd518c06cf4a0/grpcio_tools-1.75.1-cp312-cp312-musllinux_1_2_x86_64.whl", hash = "sha256:bd0c3fb40d89a1e24a41974e77c7331e80396ab7cde39bc396a13d6b5e2a750b", size = 3324878, upload-time = "2025-09-26T09:08:45.083Z" },
    { url = "https://files.pythonhosted.org/packages/58/06/cbe923679309bf970923f4a11351ea9e485291b504d7243130fdcfdcb03f/grpcio_tools-1.75.1-cp312-cp312-win32.whl", hash = "sha256:004bc5327593eea48abd03be3188e757c3ca0039079587a6aac24275127cac20", size = 993071, upload-time = "2025-09-26T09:08:46.785Z" },
    { url = "https://files.pythonhosted.org/packages/7c/0c/84d6be007262c5d88a590082f3a1fe62d4b0eeefa10c6cdb3548f3663e80/grpcio_tools-1.75.1-cp312-cp312-win_amd64.whl", hash = "sha256:23952692160b5fe7900653dfdc9858dc78c2c42e15c27e19ee780c8917ba6028", size = 1157506, upload-time = "2025-09-26T09:08:48.844Z" },
    { url = "https://files.pythonhosted.org/packages/47/fa/624bbe1b2ccf4f6044bf3cd314fe2c35f78f702fcc2191dc65519baddca4/grpcio_tools-1.75.1-cp313-cp313-linux_armv7l.whl", hash = "sha256:ca9e116aab0ecf4365fc2980f2e8ae1b22273c3847328b9a8e05cbd14345b397", size = 2545752, upload-time = "2025-09-26T09:08:51.433Z" },
    { url = "https://files.pythonhosted.org/packages/b9/4c/6d884e2337feff0a656e395338019adecc3aa1daeae9d7e8eb54340d4207/grpcio_tools-1.75.1-cp313-cp313-macosx_11_0_universal2.whl", hash = "sha256:9fe87a926b65eb7f41f8738b6d03677cc43185ff77a9d9b201bdb2f673f3fa1e", size = 5838163, upload-time = "2025-09-26T09:08:53.858Z" },
    { url = "https://files.pythonhosted.org/packages/d1/2a/2ba7b6911a754719643ed92ae816a7f989af2be2882b9a9e1f90f4b0e882/grpcio_tools-1.75.1-cp313-cp313-manylinux2014_aarch64.manylinux_2_17_aarch64.whl", hash = "sha256:45503a6094f91b3fd31c3d9adef26ac514f102086e2a37de797e220a6791ee87", size = 2592148, upload-time = "2025-09-26T09:08:55.86Z" },
    { url = "https://files.pythonhosted.org/packages/88/db/fa613a45c3c7b00f905bd5ad3a93c73194724d0a2dd72adae3be32983343/grpcio_tools-1.75.1-cp313-cp313-manylinux2014_i686.manylinux_2_17_i686.whl", hash = "sha256:b01b60b3de67be531a39fd869d7613fa8f178aff38c05e4d8bc2fc530fa58cb5", size = 2905215, upload-time = "2025-09-26T09:08:58.27Z" },
    { url = "https://files.pythonhosted.org/packages/d7/0c/ee4786972bb82f60e4f313bb2227c79c2cd20eb13c94c0263067923cfd12/grpcio_tools-1.75.1-cp313-cp313-manylinux2014_x86_64.manylinux_2_17_x86_64.whl", hash = "sha256:09e2b9b9488735514777d44c1e4eda813122d2c87aad219f98d5d49b359a8eab", size = 2656251, upload-time = "2025-09-26T09:09:00.249Z" },
    { url = "https://files.pythonhosted.org/packages/77/f1/cc5a50658d705d0b71ff8a4fbbfcc6279d3c95731a2ef7285e13dc40e2fe/grpcio_tools-1.75.1-cp313-cp313-musllinux_1_2_aarch64.whl", hash = "sha256:55e60300e62b220fabe6f062fe69f143abaeff3335f79b22b56d86254f3c3c80", size = 3108911, upload-time = "2025-09-26T09:09:02.515Z" },
    { url = "https://files.pythonhosted.org/packages/09/d8/43545f77c4918e778e90bc2c02b3462ac71cee14f29d85cdb69b089538eb/grpcio_tools-1.75.1-cp313-cp313-musllinux_1_2_i686.whl", hash = "sha256:49ce00fcc6facbbf52bf376e55b8e08810cecd03dab0b3a2986d73117c6f6ee4", size = 3657021, upload-time = "2025-09-26T09:09:05.331Z" },
    { url = "https://files.pythonhosted.org/packages/fc/0b/2ae5925374b66bc8df5b828eff1a5f9459349c83dae1773f0aa9858707e6/grpcio_tools-1.75.1-cp313-cp313-musllinux_1_2_x86_64.whl", hash = "sha256:71e95479aea868f8c8014d9dc4267f26ee75388a0d8a552e1648cfa0b53d24b4", size = 3324450, upload-time = "2025-09-26T09:09:07.867Z" },
    { url = "https://files.pythonhosted.org/packages/6e/53/9f887bacbecf892ac5b0b282477ca8cfa5b73911b04259f0d88b52e9a055/grpcio_tools-1.75.1-cp313-cp313-win32.whl", hash = "sha256:fff9d2297416eae8861e53154ccf70a19994e5935e6c8f58ebf431f81cbd8d12", size = 992434, upload-time = "2025-09-26T09:09:09.966Z" },
    { url = "https://files.pythonhosted.org/packages/a5/f0/9979d97002edffdc2a88e5f2e0dccea396dd4a6eab34fa2f705fe43eae2f/grpcio_tools-1.75.1-cp313-cp313-win_amd64.whl", hash = "sha256:1849ddd508143eb48791e81d42ddc924c554d1b4900e06775a927573a8d4267f", size = 1157069, upload-time = "2025-09-26T09:09:12.287Z" },
    { url = "https://files.pythonhosted.org/packages/a6/0b/4ff4ead293f2b016668628a240937828444094778c8037d2bbef700e9097/grpcio_tools-1.75.1-cp314-cp314-linux_armv7l.whl", hash = "sha256:f281b594489184b1f9a337cdfed1fc1ddb8428f41c4b4023de81527e90b38e1e", size = 2545868, upload-time = "2025-09-26T09:09:14.716Z" },
    { url = "https://files.pythonhosted.org/packages/0e/78/aa6bf73a18de5357c01ef87eea92150931586b25196fa4df197a37bae11d/grpcio_tools-1.75.1-cp314-cp314-macosx_11_0_universal2.whl", hash = "sha256:becf8332f391abc62bf4eea488b63be063d76a7cf2ef00b2e36c617d9ee9216b", size = 5838010, upload-time = "2025-09-26T09:09:20.415Z" },
    { url = "https://files.pythonhosted.org/packages/99/65/7eaad673bc971af45e079d3b13c20d9ba9842b8788d31953e3234c2e2cee/grpcio_tools-1.75.1-cp314-cp314-manylinux2014_aarch64.manylinux_2_17_aarch64.whl", hash = "sha256:a08330f24e5cd7b39541882a95a8ba04ffb4df79e2984aa0cd01ed26dcdccf49", size = 2593170, upload-time = "2025-09-26T09:09:22.889Z" },
    { url = "https://files.pythonhosted.org/packages/e4/db/57e1e29e9186c7ed223ce8a9b609d3f861c4db015efb643dfe60b403c137/grpcio_tools-1.75.1-cp314-cp314-manylinux2014_i686.manylinux_2_17_i686.whl", hash = "sha256:6bf3742bd8f102630072ed317d1496f31c454cd85ad19d37a68bd85bf9d5f8b9", size = 2905167, upload-time = "2025-09-26T09:09:25.96Z" },
    { url = "https://files.pythonhosted.org/packages/cd/7b/894f891f3cf19812192f8bbf1e0e1c958055676ecf0a5466a350730a006d/grpcio_tools-1.75.1-cp314-cp314-manylinux2014_x86_64.manylinux_2_17_x86_64.whl", hash = "sha256:f26028949474feb380460ce52d9d090d00023940c65236294a66c42ac5850e8b", size = 2656210, upload-time = "2025-09-26T09:09:28.786Z" },
    { url = "https://files.pythonhosted.org/packages/99/76/8e48427da93ef243c09629969c7b5a2c59dceb674b6b623c1f5fbaa5c8c5/grpcio_tools-1.75.1-cp314-cp314-musllinux_1_2_aarch64.whl", hash = "sha256:1bd68fb98bf08f11b6c3210834a14eefe585bad959bdba38e78b4ae3b04ba5bd", size = 3109226, upload-time = "2025-09-26T09:09:31.307Z" },
    { url = "https://files.pythonhosted.org/packages/b3/7e/ecf71c316c2a88c2478b7c6372d0f82d05f07edbf0f31b6da613df99ec7c/grpcio_tools-1.75.1-cp314-cp314-musllinux_1_2_i686.whl", hash = "sha256:f1496e21586193da62c3a73cd16f9c63c5b3efd68ff06dab96dbdfefa90d40bf", size = 3657139, upload-time = "2025-09-26T09:09:35.043Z" },
    { url = "https://files.pythonhosted.org/packages/6f/f3/b2613e81da2085f40a989c0601ec9efc11e8b32fcb71b1234b64a18af830/grpcio_tools-1.75.1-cp314-cp314-musllinux_1_2_x86_64.whl", hash = "sha256:14a78b1e36310cdb3516cdf9ee2726107875e0b247e2439d62fc8dc38cf793c1", size = 3324513, upload-time = "2025-09-26T09:09:37.44Z" },
    { url = "https://files.pythonhosted.org/packages/9a/1f/2df4fa8634542524bc22442ffe045d41905dae62cc5dd14408b80c5ac1b8/grpcio_tools-1.75.1-cp314-cp314-win32.whl", hash = "sha256:0e6f916daf222002fb98f9a6f22de0751959e7e76a24941985cc8e43cea77b50", size = 1015283, upload-time = "2025-09-26T09:09:39.461Z" },
    { url = "https://files.pythonhosted.org/packages/23/4f/f27c973ff50486a70be53a3978b6b0244398ca170a4e19d91988b5295d92/grpcio_tools-1.75.1-cp314-cp314-win_amd64.whl", hash = "sha256:878c3b362264588c45eba57ce088755f8b2b54893d41cc4a68cdeea62996da5c", size = 1189364, upload-time = "2025-09-26T09:09:42.036Z" },
]

[[package]]
name = "hatchling"
version = "1.27.0"
source = { registry = "https://pypi.org/simple" }
dependencies = [
    { name = "packaging" },
    { name = "pathspec" },
    { name = "pluggy" },
    { name = "trove-classifiers" },
]
sdist = { url = "https://files.pythonhosted.org/packages/8f/8a/cc1debe3514da292094f1c3a700e4ca25442489731ef7c0814358816bb03/hatchling-1.27.0.tar.gz", hash = "sha256:971c296d9819abb3811112fc52c7a9751c8d381898f36533bb16f9791e941fd6", size = 54983, upload-time = "2024-12-15T17:08:11.894Z" }
wheels = [
    { url = "https://files.pythonhosted.org/packages/08/e7/ae38d7a6dfba0533684e0b2136817d667588ae3ec984c1a4e5df5eb88482/hatchling-1.27.0-py3-none-any.whl", hash = "sha256:d3a2f3567c4f926ea39849cdf924c7e99e6686c9c8e288ae1037c8fa2a5d937b", size = 75794, upload-time = "2024-12-15T17:08:10.364Z" },
]

[[package]]
name = "packaging"
version = "26.3"
source = { registry = "https://pypi.org/simple" }
sdist = { url = "https://files.pythonhosted.org/packages/7d/fa/3944b40b07da9ce895c0e6303a5ab7d53da063554f534556b134a54d6093/packaging-26.3.tar.gz", hash = "sha256:94edc256424af38762eb31306eed28beb9f0efc50a8837492c9d6fd6004aed79", size = 313412, upload-time = "2026-08-04T18:15:28.737Z" }
wheels = [
    { url = "https://files.pythonhosted.org/packages/63/34/ba1c580383c9eada3711951fef0795c80b829a078d72188184bcab9dd527/packaging-26.3-py3-none-any.whl", hash = "sha256:d7193f7c8e4e93f444fde0262bf90af30e16fa0ad0ad44cb553c87339b23cd1c", size = 129956, upload-time = "2026-08-04T18:15:27.159Z" },
]

[[package]]
name = "pathspec"
version = "1.1.1"
source = { registry = "https://pypi.org/simple" }
sdist = { url = "https://files.pythonhosted.org/packages/5a/82/42f767fc1c1143d6fd36efb827202a2d997a375e160a71eb2888a925aac1/pathspec-1.1.1.tar.gz", hash = "sha256:17db5ecd524104a120e173814c90367a96a98d07c45b2e10c2f3919fff91bf5a", size = 135180, upload-time = "2026-04-27T01:46:08.907Z" }
wheels = [
    { url = "https://files.pythonhosted.org/packages/f1/d9/7fb5aa316bc299258e68c73ba3bddbc499654a07f151cba08f6153988714/pathspec-1.1.1-py3-none-any.whl", hash = "sha256:a00ce642f577bf7f473932318056212bc4f8bfdf53128c78bbd5af0b9b20b189", size = 57328, upload-time = "2026-04-27T01:46:07.06Z" },
]

[[package]]
name = "pluggy"
version = "1.6.0"
source = { registry = "https://pypi.org/simple" }
sdist = { url = "https://files.pythonhosted.org/packages/f9/e2/3e91f31a7d2b083fe6ef3fa267035b518369d9511ffab804f839851d2779/pluggy-1.6.0.tar.gz", hash = "sha256:7dcc130b76258d33b90f61b658791dede3486c3e6bfb003ee5c9bfb396dd22f3", size = 69412, upload-time = "2025-05-15T12:30:07.975Z" }
wheels = [
    { url = "https://files.pythonhosted.org/packages/54/20/4d324d65cc6d9205fabedc306948156824eb9f0ee1633355a8f7ec5c66bf/pluggy-1.6.0-py3-none-any.whl", hash = "sha256:e920276dd6813095e9377c0bc5566d94c932c33b27a3e3945d8389c374dd4746", size = 20538, upload-time = "2025-05-15T12:30:06.134Z" },
]

[[package]]
name = "protobuf"
version = "6.32.1"
source = { registry = "https://pypi.org/simple" }
sdist = { url = "https://files.pythonhosted.org/packages/fa/a4/cc17347aa2897568beece2e674674359f911d6fe21b0b8d6268cd42727ac/protobuf-6.32.1.tar.gz", hash = "sha256:ee2469e4a021474ab9baafea6cd070e5bf27c7d29433504ddea1a4ee5850f68d", size = 440635, upload-time = "2025-09-11T21:38:42.935Z" }
wheels = [
    { url = "https://files.pythonhosted.org/packages/c0/98/645183ea03ab3995d29086b8bf4f7562ebd3d10c9a4b14ee3f20d47cfe50/protobuf-6.32.1-cp310-abi3-win32.whl", hash = "sha256:a8a32a84bc9f2aad712041b8b366190f71dde248926da517bde9e832e4412085", size = 424411, upload-time = "2025-09-11T21:38:27.427Z" },
    { url = "https://files.pythonhosted.org/packages/8c/f3/6f58f841f6ebafe076cebeae33fc336e900619d34b1c93e4b5c97a81fdfa/protobuf-6.32.1-cp310-abi3-win_amd64.whl", hash = "sha256:b00a7d8c25fa471f16bc8153d0e53d6c9e827f0953f3c09aaa4331c718cae5e1", size = 435738, upload-time = "2025-09-11T21:38:30.959Z" },
    { url = "https://files.pythonhosted.org/packages/10/56/a8a3f4e7190837139e68c7002ec749190a163af3e330f65d90309145a210/protobuf-6.32.1-cp39-abi3-macosx_10_9_universal2.whl", hash = "sha256:d8c7e6eb619ffdf105ee4ab76af5a68b60a9d0f66da3ea12d1640e6d8dab7281", size = 426454, upload-time = "2025-09-11T21:38:34.076Z" },
    { url = "https://files.pythonhosted.org/packages/3f/be/8dd0a927c559b37d7a6c8ab79034fd167dcc1f851595f2e641ad62be8643/protobuf-6.32.1-cp39-abi3-manylinux2014_aarch64.whl", hash = "sha256:2f5b80a49e1eb7b86d85fcd23fe92df154b9730a725c3b38c4e43b9d77018bf4", size = 322874, upload-time = "2025-09-11T21:38:35.509Z" },
    { url = "https://files.pythonhosted.org/packages/5c/f6/88d77011b605ef979aace37b7703e4eefad066f7e84d935e5a696515c2dd/protobuf-6.32.1-cp39-abi3-manylinux2014_x86_64.whl", hash = "sha256:b1864818300c297265c83a4982fd3169f97122c299f56a56e2445c3698d34710", size = 322013, upload-time = "2025-09-11T21:38:37.017Z" },
    { url = "https://files.pythonhosted.org/packages/97/b7/15cc7d93443d6c6a84626ae3258a91f4c6ac8c0edd5df35ea7658f71b79c/protobuf-6.32.1-py3-none-any.whl", hash = "sha256:2601b779fc7d32a866c6b4404f9d42a3f67c5b9f3f15b4db3cccabe06b95c346", size = 169289, upload-time = "2025-09-11T21:38:41.234Z" },
]

[[package]]
name = "setuptools"
version = "83.0.0"
source = { registry = "https://pypi.org/simple" }
sdist = { url = "https://files.pythonhosted.org/packages/34/26/f5d29e25ffdb535afef2d35cdb55b325298f96debd670da4c325e08d70f4/setuptools-83.0.0.tar.gz", hash = "sha256:025bccbbf0fa05b6192bc64ae1e7b16e001fd6d6d4d5de03c97b1c1ade523bef", size = 1154254, upload-time = "2026-07-04T15:31:22.699Z" }
wheels = [
    { url = "https://files.pythonhosted.org/packages/5d/40/e1e72872c6354b306daef1703549e8e83b4d43cfea356311bf722a043752/setuptools-83.0.0-py3-none-any.whl", hash = "sha256:29b23c360f22f414dc7336bb39178cc7bcbf6021ed2733cde173f09dba19abb3", size = 1008090, upload-time = "2026-07-04T15:31:20.885Z" },
]

[[package]]
name = "spice-agent-runtime-plugin-python-fixture"
version = "0.1.0"
source = { editable = "." }
dependencies = [
    { name = "grpcio" },
    { name = "protobuf" },
]

[package.dev-dependencies]
dev = [
    { name = "grpcio-tools" },
    { name = "hatchling" },
]

[package.metadata]
requires-dist = [
    { name = "grpcio", specifier = "==1.75.1" },
    { name = "protobuf", specifier = "==6.32.1" },
]

[package.metadata.requires-dev]
dev = [
    { name = "grpcio-tools", specifier = "==1.75.1" },
    { name = "hatchling", specifier = "==1.27.0" },
]

[[package]]
name = "trove-classifiers"
version = "2026.6.1.19"
source = { registry = "https://pypi.org/simple" }
sdist = { url = "https://files.pythonhosted.org/packages/c2/e3/7ca82ee24c82d344584abd5b8637b3bd056f2900226e8d82fc22f1184b92/trove_classifiers-2026.6.1.19.tar.gz", hash = "sha256:c5132b4b61a829d11cfbd2d72e97f20a45ed6edb95e45c5efdeb5e00836b2745", size = 17059, upload-time = "2026-06-01T19:41:34.649Z" }
wheels = [
    { url = "https://files.pythonhosted.org/packages/7c/a4/81502f486f01db95bc8320646a8a12511f5e556cb63d5e224d91816605c4/trove_classifiers-2026.6.1.19-py3-none-any.whl", hash = "sha256:ab4c4ec93cc4a4e7815fa759906e05e6bb3f2fbd92ea0f897288c6a43efd15b3", size = 14211, upload-time = "2026-06-01T19:41:33.434Z" },
]

[[package]]
name = "typing-extensions"
version = "4.16.0"
source = { registry = "https://pypi.org/simple" }
sdist = { url = "https://files.pythonhosted.org/packages/f6/cc/6253133b5bb138fc3306cebfbda2c520f545d36b5be2c7255cc528bb45d6/typing_extensions-4.16.0.tar.gz", hash = "sha256:dc983d19a509c94dba722ee6abd33940f7c05a89e243c47e907eb4db6f1a43e5", size = 113555, upload-time = "2026-07-02T08:40:05.92Z" }
wheels = [
    { url = "https://files.pythonhosted.org/packages/49/d3/b8441a820a491ddfc024b0b0cf0393375b75ea13866d9c66727e54c2fc80/typing_extensions-4.16.0-py3-none-any.whl", hash = "sha256:481caa481374e813c1b176ada14e97f1f67a4539ce9cfeb3f350d78d6370c2e8", size = 45571, upload-time = "2026-07-02T08:40:04.659Z" },
]
